
Microsoft Visual Studio Solution File, Format Version 12.00
# Visual Studio Version 16
VisualStudioVersion = 16.0.30523.141
MinimumVisualStudioVersion = 10.0.40219.1
Project("{FAE04EC0-301F-11D3-BF4B-00C04F79EFBC}") = "WindowsFormsApp2", "WindowsFormsApp2\WindowsFormsApp2.csproj", "{6C8F9A6C-5770-4221-837B-D8B15DCB32CC}"
EndProject
Global
	GlobalSection(SolutionConfigurationPlatforms) = preSolution
		Debug|Any CPU = Debug|Any CPU
		Release|Any CPU = Release|Any CPU
	EndGlobalSection
	GlobalSection(ProjectConfigurationPlatforms) = postSolution
		{6C8F9A6C-5770-4221-837B-D8B15DCB32CC}.Debug|Any CPU.ActiveCfg = Debug|Any CPU
		{6C8F9A6C-5770-4221-837B-D8B15DCB32CC}.Debug|Any CPU.Build.0 = Debug|Any CPU
		{6C8F9A6C-5770-4221-837B-D8B15DCB32CC}.Release|Any CPU.ActiveCfg = Release|Any CPU
		{6C8F9A6C-5770-4221-837B-D8B15DCB32CC}.Release|Any CPU.Build.0 = Release|Any CPU
	EndGlobalSection
	GlobalSection(SolutionProperties) = preSolution
		HideSolutionNode = FALSE
	EndGlobalSection
	GlobalSection(ExtensibilityGlobals) = postSolution
		SolutionGuid = {537D1265-E2AB-4785-AC5E-263F3A74508D}
	EndGlobalSection
EndGlobal
